
Microsoft Visual Studio Solution File, Format Version 12.00
# Visual Studio Version 16
VisualStudioVersion = 16.0.32002.261
MinimumVisualStudioVersion = 10.0.40219.1
Project("{FAE04EC0-301F-11D3-BF4B-00C04F79EFBC}") = "ConsoleApp41", "ConsoleApp41\ConsoleApp41.csproj", "{C3ADA6E2-694F-4A4B-AF05-51D11F0263FE}"
EndProject
Global
	GlobalSection(SolutionConfigurationPlatforms) = preSolution
		Debug|Any CPU = Debug|Any CPU
		Release|Any CPU = Release|Any CPU
	EndGlobalSection
	GlobalSection(ProjectConfigurationPlatforms) = postSolution
		{C3ADA6E2-694F-4A4B-AF05-51D11F0263FE}.Debug|Any CPU.ActiveCfg = Debug|Any CPU
		{C3ADA6E2-694F-4A4B-AF05-51D11F0263FE}.Debug|Any CPU.Build.0 = Debug|Any CPU
		{C3ADA6E2-694F-4A4B-AF05-51D11F0263FE}.Release|Any CPU.ActiveCfg = Release|Any CPU
		{C3ADA6E2-694F-4A4B-AF05-51D11F0263FE}.Release|Any CPU.Build.0 = Release|Any CPU
	EndGlobalSection
	GlobalSection(SolutionProperties) = preSolution
		HideSolutionNode = FALSE
	EndGlobalSection
	GlobalSection(ExtensibilityGlobals) = postSolution
		SolutionGuid = {22F72A78-6C8C-4D1E-A647-E05C6721D242}
	EndGlobalSection
EndGlobal
